
Microsoft Visual Studio Solution File, Format Version 12.00
# Visual Studio 15
VisualStudioVersion = 15.0.27004.2006
MinimumVisualStudioVersion = 10.0.40219.1
Project("{FAE04EC0-301F-11D3-BF4B-00C04F79EFBC}") = "Test.Android", "Test\Test.Android\Test.Android.csproj", "{6273E38E-75FF-49EA-92C5-0D0F5970CA8A}"
EndProject
Project("{FAE04EC0-301F-11D3-BF4B-00C04F79EFBC}") = "Test", "Test\Test\Test.csproj", "{E8B5F04A-7168-40EC-A39B-3884D1FF7195}"
EndProject
Project("{FAE04EC0-301F-11D3-BF4B-00C04F79EFBC}") = "Test.UWP", "Test\Test.UWP\Test.UWP.csproj", "{0E737709-932A-4435-A08B-2C3B2BC5038C}"
EndProject
Project("{FAE04EC0-301F-11D3-BF4B-00C04F79EFBC}") = "Test.iOS", "Test\Test.iOS\Test.iOS.csproj", "{66BFC763-2EB8-40B6-8DB0-0E949997DF3E}"
EndProject
Global
	GlobalSection(SolutionConfigurationPlatforms) = preSolution
		Ad-Hoc|Any CPU = Ad-Hoc|Any CPU
		Ad-Hoc|ARM = Ad-Hoc|ARM
		Ad-Hoc|iPhone = Ad-Hoc|iPhone
		Ad-Hoc|iPhoneSimulator = Ad-Hoc|iPhoneSimulator
		Ad-Hoc|x64 = Ad-Hoc|x64
		Ad-Hoc|x86 = Ad-Hoc|x86
		AppStore|Any CPU = AppStore|Any CPU
		AppStore|ARM = AppStore|ARM
		AppStore|iPhone = AppStore|iPhone
		AppStore|iPhoneSimulator = AppStore|iPhoneSimulator
		AppStore|x64 = AppStore|x64
		AppStore|x86 = AppStore|x86
		Debug|Any CPU = Debug|Any CPU
		Debug|ARM = Debug|ARM
		Debug|iPhone = Debug|iPhone
		Debug|iPhoneSimulator = Debug|iPhoneSimulator
		Debug|x64 = Debug|x64
		Debug|x86 = Debug|x86
		Release|Any CPU = Release|Any CPU
		Release|ARM = Release|ARM
		Release|iPhone = Release|iPhone
		Release|iPhoneSimulator = Release|iPhoneSimulator
		Release|x64 = Release|x64
		Release|x86 = Release|x86
	EndGlobalSection
	GlobalSection(ProjectConfigurationPlatforms) = postSolution
		{6273E38E-75FF-49EA-92C5-0D0F5970CA8A}.Ad-Hoc|Any CPU.ActiveCfg = Release|Any CPU
		{6273E38E-75FF-49EA-92C5-0D0F5970CA8A}.Ad-Hoc|Any CPU.Build.0 = Release|Any CPU
		{6273E38E-75FF-49EA-92C5-0D0F5970CA8A}.Ad-Hoc|Any CPU.Deploy.0 = Release|Any CPU
		{6273E38E-75FF-49EA-92C5-0D0F5970CA8A}.Ad-Hoc|ARM.ActiveCfg = Release|Any CPU
		{6273E38E-75FF-49EA-92C5-0D0F5970CA8A}.Ad-Hoc|ARM.Build.0 = Release|Any CPU
		{6273E38E-75FF-49EA-92C5-0D0F5970CA8A}.Ad-Hoc|ARM.Deploy.0 = Release|Any CPU
		{6273E38E-75FF-49EA-92C5-0D0F5970CA8A}.Ad-Hoc|iPhone.ActiveCfg = Release|Any CPU
		{6273E38E-75FF-49EA-92C5-0D0F5970CA8A}.Ad-Hoc|iPhone.Build.0 = Release|Any CPU
		{6273E38E-75FF-49EA-92C5-0D0F5970CA8A}.Ad-Hoc|iPhone.Deploy.0 = Release|Any CPU
		{6273E38E-75FF-49EA-92C5-0D0F5970CA8A}.Ad-Hoc|iPhoneSimulator.ActiveCfg = Release|Any CPU
		{6273E38E-75FF-49EA-92C5-0D0F5970CA8A}.Ad-Hoc|iPhoneSimulator.Build.0 = Release|Any CPU
		{6273E38E-75FF-49EA-92C5-0D0F5970CA8A}.Ad-Hoc|iPhoneSimulator.Deploy.0 = Release|Any CPU
		{6273E38E-75FF-49EA-92C5-0D0F5970CA8A}.Ad-Hoc|x64.ActiveCfg = Release|Any CPU
		{6273E38E-75FF-49EA-92C5-0D0F5970CA8A}.Ad-Hoc|x64.Build.0 = Release|Any CPU
		{6273E38E-75FF-49EA-92C5-0D0F5970CA8A}.Ad-Hoc|x64.Deploy.0 = Release|Any CPU
		{6273E38E-75FF-49EA-92C5-0D0F5970CA8A}.Ad-Hoc|x86.ActiveCfg = Release|Any CPU
		{6273E38E-75FF-49EA-92C5-0D0F5970CA8A}.Ad-Hoc|x86.Build.0 = Release|Any CPU
		{6273E38E-75FF-49EA-92C5-0D0F5970CA8A}.Ad-Hoc|x86.Deploy.0 = Release|Any CPU
		{6273E38E-75FF-49EA-92C5-0D0F5970CA8A}.AppStore|Any CPU.ActiveCfg = Release|Any CPU
		{6273E38E-75FF-49EA-92C5-0D0F5970CA8A}.AppStore|Any CPU.Build.0 = Release|Any CPU
		{6273E38E-75FF-49EA-92C5-0D0F5970CA8A}.AppStore|Any CPU.Deploy.0 = Release|Any CPU
		{6273E38E-75FF-49EA-92C5-0D0F5970CA8A}.AppStore|ARM.ActiveCfg = Release|Any CPU
		{6273E38E-75FF-49EA-92C5-0D0F5970CA8A}.AppStore|ARM.Build.0 = Release|Any CPU
		{6273E38E-75FF-49EA-92C5-0D0F5970CA8A}.AppStore|ARM.Deploy.0 = Release|Any CPU
		{6273E38E-75FF-49EA-92C5-0D0F5970CA8A}.AppStore|iPhone.ActiveCfg = Release|Any CPU
		{6273E38E-75FF-49EA-92C5-0D0F5970CA8A}.AppStore|iPhone.Build.0 = Release|Any CPU
		{6273E38E-75FF-49EA-92C5-0D0F5970CA8A}.AppStore|iPhone.Deploy.0 = Release|Any CPU
		{6273E38E-75FF-49EA-92C5-0D0F5970CA8A}.AppStore|iPhoneSimulator.ActiveCfg = Release|Any CPU
		{6273E38E-75FF-49EA-92C5-0D0F5970CA8A}.AppStore|iPhoneSimulator.Build.0 = Release|Any CPU
		{6273E38E-75FF-49EA-92C5-0D0F5970CA8A}.AppStore|iPhoneSimulator.Deploy.0 = Release|Any CPU
		{6273E38E-75FF-49EA-92C5-0D0F5970CA8A}.AppStore|x64.ActiveCfg = Release|Any CPU
		{6273E38E-75FF-49EA-92C5-0D0F5970CA8A}.AppStore|x64.Build.0 = Release|Any CPU
		{6273E38E-75FF-49EA-92C5-0D0F5970CA8A}.AppStore|x64.Deploy.0 = Release|Any CPU
		{6273E38E-75FF-49EA-92C5-0D0F5970CA8A}.AppStore|x86.ActiveCfg = Release|Any CPU
		{6273E38E-75FF-49EA-92C5-0D0F5970CA8A}.AppStore|x86.Build.0 = Release|Any CPU
		{6273E38E-75FF-49EA-92C5-0D0F5970CA8A}.AppStore|x86.Deploy.0 = Release|Any CPU
		{6273E38E-75FF-49EA-92C5-0D0F5970CA8A}.Debug|Any CPU.ActiveCfg = Debug|Any CPU
		{6273E38E-75FF-49EA-92C5-0D0F5970CA8A}.Debug|Any CPU.Build.0 = Debug|Any CPU
		{6273E38E-75FF-49EA-92C5-0D0F5970CA8A}.Debug|Any CPU.Deploy.0 = Debug|Any CPU
		{6273E38E-75FF-49EA-92C5-0D0F5970CA8A}.Debug|ARM.ActiveCfg = Debug|Any CPU
		{6273E38E-75FF-49EA-92C5-0D0F5970CA8A}.Debug|ARM.Build.0 = Debug|Any CPU
		{6273E38E-75FF-49EA-92C5-0D0F5970CA8A}.Debug|ARM.Deploy.0 = Debug|Any CPU
		{6273E38E-75FF-49EA-92C5-0D0F5970CA8A}.Debug|iPhone.ActiveCfg = Debug|Any CPU
		{6273E38E-75FF-49EA-92C5-0D0F5970CA8A}.Debug|iPhone.Build.0 = Debug|Any CPU
		{6273E38E-75FF-49EA-92C5-0D0F5970CA8A}.Debug|iPhone.Deploy.0 = Debug|Any CPU
		{6273E38E-75FF-49EA-92C5-0D0F5970CA8A}.Debug|iPhoneSimulator.ActiveCfg = Debug|Any CPU
		{6273E38E-75FF-49EA-92C5-0D0F5970CA8A}.Debug|iPhoneSimulator.Build.0 = Debug|Any CPU
		{6273E38E-75FF-49EA-92C5-0D0F5970CA8A}.Debug|iPhoneSimulator.Deploy.0 = Debug|Any CPU
		{6273E38E-75FF-49EA-92C5-0D0F5970CA8A}.Debug|x64.ActiveCfg = Debug|Any CPU
		{6273E38E-75FF-49EA-92C5-0D0F5970CA8A}.Debug|x64.Build.0 = Debug|Any CPU
		{6273E38E-75FF-49EA-92C5-0D0F5970CA8A}.Debug|x64.Deploy.0 = Debug|Any CPU
		{6273E38E-75FF-49EA-92C5-0D0F5970CA8A}.Debug|x86.ActiveCfg = Debug|Any CPU
		{6273E38E-75FF-49EA-92C5-0D0F5970CA8A}.Debug|x86.Build.0 = Debug|Any CPU
		{6273E38E-75FF-49EA-92C5-0D0F5970CA8A}.Debug|x86.Deploy.0 = Debug|Any CPU
		{6273E38E-75FF-49EA-92C5-0D0F5970CA8A}.Release|Any CPU.ActiveCfg = Release|Any CPU
		{6273E38E-75FF-49EA-92C5-0D0F5970CA8A}.Release|Any CPU.Build.0 = Release|Any CPU
		{6273E38E-75FF-49EA-92C5-0D0F5970CA8A}.Release|Any CPU.Deploy.0 = Release|Any CPU
		{6273E38E-75FF-49EA-92C5-0D0F5970CA8A}.Release|ARM.ActiveCfg = Release|Any CPU
		{6273E38E-75FF-49EA-92C5-0D0F5970CA8A}.Release|ARM.Build.0 = Release|Any CPU
		{6273E38E-75FF-49EA-92C5-0D0F5970CA8A}.Release|ARM.Deploy.0 = Release|Any CPU
		{6273E38E-75FF-49EA-92C5-0D0F5970CA8A}.Release|iPhone.ActiveCfg = Release|Any CPU
		{6273E38E-75FF-49EA-92C5-0D0F5970CA8A}.Release|iPhone.Build.0 = Release|Any CPU
		{6273E38E-75FF-49EA-92C5-0D0F5970CA8A}.Release|iPhone.Deploy.0 = Release|Any CPU
		{6273E38E-75FF-49EA-92C5-0D0F5970CA8A}.Release|iPhoneSimulator.ActiveCfg = Release|Any CPU
		{6273E38E-75FF-49EA-92C5-0D0F5970CA8A}.Release|iPhoneSimulator.Build.0 = Release|Any CPU
		{6273E38E-75FF-49EA-92C5-0D0F5970CA8A}.Release|iPhoneSimulator.Deploy.0 = Release|Any CPU
		{6273E38E-75FF-49EA-92C5-0D0F5970CA8A}.Release|x64.ActiveCfg = Release|Any CPU
		{6273E38E-75FF-49EA-92C5-0D0F5970CA8A}.Release|x64.Build.0 = Release|Any CPU
		{6273E38E-75FF-49EA-92C5-0D0F5970CA8A}.Release|x64.Deploy.0 = Release|Any CPU
		{6273E38E-75FF-49EA-92C5-0D0F5970CA8A}.Release|x86.ActiveCfg = Release|Any CPU
		{6273E38E-75FF-49EA-92C5-0D0F5970CA8A}.Release|x86.Build.0 = Release|Any CPU
		{6273E38E-75FF-49EA-92C5-0D0F5970CA8A}.Release|x86.Deploy.0 = Release|Any CPU
		{E8B5F04A-7168-40EC-A39B-3884D1FF7195}.Ad-Hoc|Any CPU.ActiveCfg = Release|Any CPU
		{E8B5F04A-7168-40EC-A39B-3884D1FF7195}.Ad-Hoc|Any CPU.Build.0 = Release|Any CPU
		{E8B5F04A-7168-40EC-A39B-3884D1FF7195}.Ad-Hoc|ARM.ActiveCfg = Release|Any CPU
		{E8B5F04A-7168-40EC-A39B-3884D1FF7195}.Ad-Hoc|ARM.Build.0 = Release|Any CPU
		{E8B5F04A-7168-40EC-A39B-3884D1FF7195}.Ad-Hoc|iPhone.ActiveCfg = Release|Any CPU
		{E8B5F04A-7168-40EC-A39B-3884D1FF7195}.Ad-Hoc|iPhone.Build.0 = Release|Any CPU
		{E8B5F04A-7168-40EC-A39B-3884D1FF7195}.Ad-Hoc|iPhoneSimulator.ActiveCfg = Release|Any CPU
		{E8B5F04A-7168-40EC-A39B-3884D1FF7195}.Ad-Hoc|iPhoneSimulator.Build.0 = Release|Any CPU
		{E8B5F04A-7168-40EC-A39B-3884D1FF7195}.Ad-Hoc|x64.ActiveCfg = Release|Any CPU
		{E8B5F04A-7168-40EC-A39B-3884D1FF7195}.Ad-Hoc|x64.Build.0 = Release|Any CPU
		{E8B5F04A-7168-40EC-A39B-3884D1FF7195}.Ad-Hoc|x86.ActiveCfg = Release|Any CPU
		{E8B5F04A-7168-40EC-A39B-3884D1FF7195}.Ad-Hoc|x86.Build.0 = Release|Any CPU
		{E8B5F04A-7168-40EC-A39B-3884D1FF7195}.AppStore|Any CPU.ActiveCfg = Release|Any CPU
		{E8B5F04A-7168-40EC-A39B-3884D1FF7195}.AppStore|Any CPU.Build.0 = Release|Any CPU
		{E8B5F04A-7168-40EC-A39B-3884D1FF7195}.AppStore|ARM.ActiveCfg = Release|Any CPU
		{E8B5F04A-7168-40EC-A39B-3884D1FF7195}.AppStore|ARM.Build.0 = Release|Any CPU
		{E8B5F04A-7168-40EC-A39B-3884D1FF7195}.AppStore|iPhone.ActiveCfg = Release|Any CPU
		{E8B5F04A-7168-40EC-A39B-3884D1FF7195}.AppStore|iPhone.Build.0 = Release|Any CPU
		{E8B5F04A-7168-40EC-A39B-3884D1FF7195}.AppStore|iPhoneSimulator.ActiveCfg = Release|Any CPU
		{E8B5F04A-7168-40EC-A39B-3884D1FF7195}.AppStore|iPhoneSimulator.Build.0 = Release|Any CPU
		{E8B5F04A-7168-40EC-A39B-3884D1FF7195}.AppStore|x64.ActiveCfg = Release|Any CPU
		{E8B5F04A-7168-40EC-A39B-3884D1FF7195}.AppStore|x64.Build.0 = Release|Any CPU
		{E8B5F04A-7168-40EC-A39B-3884D1FF7195}.AppStore|x86.ActiveCfg = Release|Any CPU
		{E8B5F04A-7168-40EC-A39B-3884D1FF7195}.AppStore|x86.Build.0 = Release|Any CPU
		{E8B5F04A-7168-40EC-A39B-3884D1FF7195}.Debug|Any CPU.ActiveCfg = Debug|Any CPU
		{E8B5F04A-7168-40EC-A39B-3884D1FF7195}.Debug|Any CPU.Build.0 = Debug|Any CPU
		{E8B5F04A-7168-40EC-A39B-3884D1FF7195}.Debug|ARM.ActiveCfg = Debug|Any CPU
		{E8B5F04A-7168-40EC-A39B-3884D1FF7195}.Debug|ARM.Build.0 = Debug|Any CPU
		{E8B5F04A-7168-40EC-A39B-3884D1FF7195}.Debug|iPhone.ActiveCfg = Debug|Any CPU
		{E8B5F04A-7168-40EC-A39B-3884D1FF7195}.Debug|iPhone.Build.0 = Debug|Any CPU
		{E8B5F04A-7168-40EC-A39B-3884D1FF7195}.Debug|iPhoneSimulator.ActiveCfg = Debug|Any CPU
		{E8B5F04A-7168-40EC-A39B-3884D1FF7195}.Debug|iPhoneSimulator.Build.0 = Debug|Any CPU
		{E8B5F04A-7168-40EC-A39B-3884D1FF7195}.Debug|x64.ActiveCfg = Debug|Any CPU
		{E8B5F04A-7168-40EC-A39B-3884D1FF7195}.Debug|x64.Build.0 = Debug|Any CPU
		{E8B5F04A-7168-40EC-A39B-3884D1FF7195}.Debug|x86.ActiveCfg = Debug|Any CPU
		{E8B5F04A-7168-40EC-A39B-3884D1FF7195}.Debug|x86.Build.0 = Debug|Any CPU
		{E8B5F04A-7168-40EC-A39B-3884D1FF7195}.Release|Any CPU.ActiveCfg = Release|Any CPU
		{E8B5F04A-7168-40EC-A39B-3884D1FF7195}.Release|Any CPU.Build.0 = Release|Any CPU
		{E8B5F04A-7168-40EC-A39B-3884D1FF7195}.Release|ARM.ActiveCfg = Release|Any CPU
		{E8B5F04A-7168-40EC-A39B-3884D1FF7195}.Release|ARM.Build.0 = Release|Any CPU
		{E8B5F04A-7168-40EC-A39B-3884D1FF7195}.Release|iPhone.ActiveCfg = Release|Any CPU
		{E8B5F04A-7168-40EC-A39B-3884D1FF7195}.Release|iPhone.Build.0 = Release|Any CPU
		{E8B5F04A-7168-40EC-A39B-3884D1FF7195}.Release|iPhoneSimulator.ActiveCfg = Release|Any CPU
		{E8B5F04A-7168-40EC-A39B-3884D1FF7195}.Release|iPhoneSimulator.Build.0 = Release|Any CPU
		{E8B5F04A-7168-40EC-A39B-3884D1FF7195}.Release|x64.ActiveCfg = Release|Any CPU
		{E8B5F04A-7168-40EC-A39B-3884D1FF7195}.Release|x64.Build.0 = Release|Any CPU
		{E8B5F04A-7168-40EC-A39B-3884D1FF7195}.Release|x86.ActiveCfg = Release|Any CPU
		{E8B5F04A-7168-40EC-A39B-3884D1FF7195}.Release|x86.Build.0 = Release|Any CPU
		{0E737709-932A-4435-A08B-2C3B2BC5038C}.Ad-Hoc|Any CPU.ActiveCfg = Release|x86
		{0E737709-932A-4435-A08B-2C3B2BC5038C}.Ad-Hoc|Any CPU.Build.0 = Release|x86
		{0E737709-932A-4435-A08B-2C3B2BC5038C}.Ad-Hoc|Any CPU.Deploy.0 = Release|x86
		{0E737709-932A-4435-A08B-2C3B2BC5038C}.Ad-Hoc|ARM.ActiveCfg = Release|ARM
		{0E737709-932A-4435-A08B-2C3B2BC5038C}.Ad-Hoc|ARM.Build.0 = Release|ARM
		{0E737709-932A-4435-A08B-2C3B2BC5038C}.Ad-Hoc|ARM.Deploy.0 = Release|ARM
		{0E737709-932A-4435-A08B-2C3B2BC5038C}.Ad-Hoc|iPhone.ActiveCfg = Release|x86
		{0E737709-932A-4435-A08B-2C3B2BC5038C}.Ad-Hoc|iPhone.Build.0 = Release|x86
		{0E737709-932A-4435-A08B-2C3B2BC5038C}.Ad-Hoc|iPhone.Deploy.0 = Release|x86
		{0E737709-932A-4435-A08B-2C3B2BC5038C}.Ad-Hoc|iPhoneSimulator.ActiveCfg = Release|x86
		{0E737709-932A-4435-A08B-2C3B2BC5038C}.Ad-Hoc|iPhoneSimulator.Build.0 = Release|x86
		{0E737709-932A-4435-A08B-2C3B2BC5038C}.Ad-Hoc|iPhoneSimulator.Deploy.0 = Release|x86
		{0E737709-932A-4435-A08B-2C3B2BC5038C}.Ad-Hoc|x64.ActiveCfg = Release|x64
		{0E737709-932A-4435-A08B-2C3B2BC5038C}.Ad-Hoc|x64.Build.0 = Release|x64
		{0E737709-932A-4435-A08B-2C3B2BC5038C}.Ad-Hoc|x64.Deploy.0 = Release|x64
		{0E737709-932A-4435-A08B-2C3B2BC5038C}.Ad-Hoc|x86.ActiveCfg = Release|x86
		{0E737709-932A-4435-A08B-2C3B2BC5038C}.Ad-Hoc|x86.Build.0 = Release|x86
		{0E737709-932A-4435-A08B-2C3B2BC5038C}.Ad-Hoc|x86.Deploy.0 = Release|x86
		{0E737709-932A-4435-A08B-2C3B2BC5038C}.AppStore|Any CPU.ActiveCfg = Release|x86
		{0E737709-932A-4435-A08B-2C3B2BC5038C}.AppStore|Any CPU.Build.0 = Release|x86
		{0E737709-932A-4435-A08B-2C3B2BC5038C}.AppStore|Any CPU.Deploy.0 = Release|x86
		{0E737709-932A-4435-A08B-2C3B2BC5038C}.AppStore|ARM.ActiveCfg = Release|ARM
		{0E737709-932A-4435-A08B-2C3B2BC5038C}.AppStore|ARM.Build.0 = Release|ARM
		{0E737709-932A-4435-A08B-2C3B2BC5038C}.AppStore|ARM.Deploy.0 = Release|ARM
		{0E737709-932A-4435-A08B-2C3B2BC5038C}.AppStore|iPhone.ActiveCfg = Release|x86
		{0E737709-932A-4435-A08B-2C3B2BC5038C}.AppStore|iPhone.Build.0 = Release|x86
		{0E737709-932A-4435-A08B-2C3B2BC5038C}.AppStore|iPhone.Deploy.0 = Release|x86
		{0E737709-932A-4435-A08B-2C3B2BC5038C}.AppStore|iPhoneSimulator.ActiveCfg = Release|x86
		{0E737709-932A-4435-A08B-2C3B2BC5038C}.AppStore|iPhoneSimulator.Build.0 = Release|x86
		{0E737709-932A-4435-A08B-2C3B2BC5038C}.AppStore|iPhoneSimulator.Deploy.0 = Release|x86
		{0E737709-932A-4435-A08B-2C3B2BC5038C}.AppStore|x64.ActiveCfg = Release|x64
		{0E737709-932A-4435-A08B-2C3B2BC5038C}.AppStore|x64.Build.0 = Release|x64
		{0E737709-932A-4435-A08B-2C3B2BC5038C}.AppStore|x64.Deploy.0 = Release|x64
		{0E737709-932A-4435-A08B-2C3B2BC5038C}.AppStore|x86.ActiveCfg = Release|x86
		{0E737709-932A-4435-A08B-2C3B2BC5038C}.AppStore|x86.Build.0 = Release|x86
		{0E737709-932A-4435-A08B-2C3B2BC5038C}.AppStore|x86.Deploy.0 = Release|x86
		{0E737709-932A-4435-A08B-2C3B2BC5038C}.Debug|Any CPU.ActiveCfg = Debug|x86
		{0E737709-932A-4435-A08B-2C3B2BC5038C}.Debug|ARM.ActiveCfg = Debug|ARM
		{0E737709-932A-4435-A08B-2C3B2BC5038C}.Debug|ARM.Build.0 = Debug|ARM
		{0E737709-932A-4435-A08B-2C3B2BC5038C}.Debug|ARM.Deploy.0 = Debug|ARM
		{0E737709-932A-4435-A08B-2C3B2BC5038C}.Debug|iPhone.ActiveCfg = Debug|x86
		{0E737709-932A-4435-A08B-2C3B2BC5038C}.Debug|iPhoneSimulator.ActiveCfg = Debug|x86
		{0E737709-932A-4435-A08B-2C3B2BC5038C}.Debug|x64.ActiveCfg = Debug|x64
		{0E737709-932A-4435-A08B-2C3B2BC5038C}.Debug|x64.Build.0 = Debug|x64
		{0E737709-932A-4435-A08B-2C3B2BC5038C}.Debug|x64.Deploy.0 = Debug|x64
		{0E737709-932A-4435-A08B-2C3B2BC5038C}.Debug|x86.ActiveCfg = Debug|x86
		{0E737709-932A-4435-A08B-2C3B2BC5038C}.Debug|x86.Build.0 = Debug|x86
		{0E737709-932A-4435-A08B-2C3B2BC5038C}.Debug|x86.Deploy.0 = Debug|x86
		{0E737709-932A-4435-A08B-2C3B2BC5038C}.Release|Any CPU.ActiveCfg = Release|x86
		{0E737709-932A-4435-A08B-2C3B2BC5038C}.Release|ARM.ActiveCfg = Release|ARM
		{0E737709-932A-4435-A08B-2C3B2BC5038C}.Release|ARM.Build.0 = Release|ARM
		{0E737709-932A-4435-A08B-2C3B2BC5038C}.Release|ARM.Deploy.0 = Release|ARM
		{0E737709-932A-4435-A08B-2C3B2BC5038C}.Release|iPhone.ActiveCfg = Release|x86
		{0E737709-932A-4435-A08B-2C3B2BC5038C}.Release|iPhoneSimulator.ActiveCfg = Release|x86
		{0E737709-932A-4435-A08B-2C3B2BC5038C}.Release|x64.ActiveCfg = Release|x64
		{0E737709-932A-4435-A08B-2C3B2BC5038C}.Release|x64.Build.0 = Release|x64
		{0E737709-932A-4435-A08B-2C3B2BC5038C}.Release|x64.Deploy.0 = Release|x64
		{0E737709-932A-4435-A08B-2C3B2BC5038C}.Release|x86.ActiveCfg = Release|x86
		{0E737709-932A-4435-A08B-2C3B2BC5038C}.Release|x86.Build.0 = Release|x86
		{0E737709-932A-4435-A08B-2C3B2BC5038C}.Release|x86.Deploy.0 = Release|x86
		{66BFC763-2EB8-40B6-8DB0-0E949997DF3E}.Ad-Hoc|Any CPU.ActiveCfg = Ad-Hoc|iPhoneSimulator
		{66BFC763-2EB8-40B6-8DB0-0E949997DF3E}.Ad-Hoc|ARM.ActiveCfg = Ad-Hoc|iPhone
		{66BFC763-2EB8-40B6-8DB0-0E949997DF3E}.Ad-Hoc|iPhone.ActiveCfg = Ad-Hoc|iPhone
		{66BFC763-2EB8-40B6-8DB0-0E949997DF3E}.Ad-Hoc|iPhone.Build.0 = Ad-Hoc|iPhone
		{66BFC763-2EB8-40B6-8DB0-0E949997DF3E}.Ad-Hoc|iPhoneSimulator.ActiveCfg = Ad-Hoc|iPhoneSimulator
		{66BFC763-2EB8-40B6-8DB0-0E949997DF3E}.Ad-Hoc|iPhoneSimulator.Build.0 = Ad-Hoc|iPhoneSimulator
		{66BFC763-2EB8-40B6-8DB0-0E949997DF3E}.Ad-Hoc|x64.ActiveCfg = Ad-Hoc|iPhone
		{66BFC763-2EB8-40B6-8DB0-0E949997DF3E}.Ad-Hoc|x86.ActiveCfg = Ad-Hoc|iPhone
		{66BFC763-2EB8-40B6-8DB0-0E949997DF3E}.AppStore|Any CPU.ActiveCfg = AppStore|iPhoneSimulator
		{66BFC763-2EB8-40B6-8DB0-0E949997DF3E}.AppStore|ARM.ActiveCfg = AppStore|iPhone
		{66BFC763-2EB8-40B6-8DB0-0E949997DF3E}.AppStore|iPhone.ActiveCfg = AppStore|iPhone
		{66BFC763-2EB8-40B6-8DB0-0E949997DF3E}.AppStore|iPhone.Build.0 = AppStore|iPhone
		{66BFC763-2EB8-40B6-8DB0-0E949997DF3E}.AppStore|iPhoneSimulator.ActiveCfg = AppStore|iPhoneSimulator
		{66BFC763-2EB8-40B6-8DB0-0E949997DF3E}.AppStore|iPhoneSimulator.Build.0 = AppStore|iPhoneSimulator
		{66BFC763-2EB8-40B6-8DB0-0E949997DF3E}.AppStore|x64.ActiveCfg = AppStore|iPhone
		{66BFC763-2EB8-40B6-8DB0-0E949997DF3E}.AppStore|x86.ActiveCfg = AppStore|iPhone
		{66BFC763-2EB8-40B6-8DB0-0E949997DF3E}.Debug|Any CPU.ActiveCfg = Debug|iPhoneSimulator
		{66BFC763-2EB8-40B6-8DB0-0E949997DF3E}.Debug|ARM.ActiveCfg = Debug|iPhone
		{66BFC763-2EB8-40B6-8DB0-0E949997DF3E}.Debug|iPhone.ActiveCfg = Debug|iPhone
		{66BFC763-2EB8-40B6-8DB0-0E949997DF3E}.Debug|iPhone.Build.0 = Debug|iPhone
		{66BFC763-2EB8-40B6-8DB0-0E949997DF3E}.Debug|iPhoneSimulator.ActiveCfg = Debug|iPhoneSimulator
		{66BFC763-2EB8-40B6-8DB0-0E949997DF3E}.Debug|iPhoneSimulator.Build.0 = Debug|iPhoneSimulator
		{66BFC763-2EB8-40B6-8DB0-0E949997DF3E}.Debug|x64.ActiveCfg = Debug|iPhone
		{66BFC763-2EB8-40B6-8DB0-0E949997DF3E}.Debug|x86.ActiveCfg = Debug|iPhone
		{66BFC763-2EB8-40B6-8DB0-0E949997DF3E}.Release|Any CPU.ActiveCfg = Release|iPhoneSimulator
		{66BFC763-2EB8-40B6-8DB0-0E949997DF3E}.Release|ARM.ActiveCfg = Release|iPhone
		{66BFC763-2EB8-40B6-8DB0-0E949997DF3E}.Release|iPhone.ActiveCfg = Release|iPhone
		{66BFC763-2EB8-40B6-8DB0-0E949997DF3E}.Release|iPhone.Build.0 = Release|iPhone
		{66BFC763-2EB8-40B6-8DB0-0E949997DF3E}.Release|iPhoneSimulator.ActiveCfg = Release|iPhoneSimulator
		{66BFC763-2EB8-40B6-8DB0-0E949997DF3E}.Release|iPhoneSimulator.Build.0 = Release|iPhoneSimulator
		{66BFC763-2EB8-40B6-8DB0-0E949997DF3E}.Release|x64.ActiveCfg = Release|iPhone
		{66BFC763-2EB8-40B6-8DB0-0E949997DF3E}.Release|x86.ActiveCfg = Release|iPhone
	EndGlobalSection
	GlobalSection(SolutionProperties) = preSolution
		HideSolutionNode = FALSE
	EndGlobalSection
	GlobalSection(ExtensibilityGlobals) = postSolution
		SolutionGuid = {E6A31CEB-5D50-44C4-A758-DF41C6214184}
	EndGlobalSection
EndGlobal
